{
  "name": "OptiCool",
  "lockfileVersion": 3,
  "requires": true,
  "packages": {
    "": {
      "dependencies": {
        "@mdi/light-js": "^0.2.63",
        "@mdi/react": "^1.6.1",
        "expo-linear-gradient": "^10.0.0"
      }
    },
    "node_modules/@mdi/light-js": {
      "version": "0.2.63",
      "resolved": "https://registry.npmjs.org/@mdi/light-js/-/light-js-0.2.63.tgz",
      "integrity": "sha512-+SUtJIOxvEy6DiVq0wTRPIzVuoPB5fhnubmzaN7e2ew0v3/nvnpC4mqbGCjiTK0diVd3+zvhEQHZzPDErGb1fg=="
    },
    "node_modules/@mdi/react": {
      "version": "1.6.1",
      "resolved": "https://registry.npmjs.org/@mdi/react/-/react-1.6.1.tgz",
      "integrity": "sha512-4qZeDcluDFGFTWkHs86VOlHkm6gnKaMql13/gpIcUQ8kzxHgpj31NuCkD8abECVfbULJ3shc7Yt4HJ6Wu6SN4w==",
      "dependencies": {
        "prop-types": "^15.7.2"
      }
    },
    "node_modules/compare-versions": {
      "version": "3.6.0",
      "resolved": "https://registry.npmjs.org/compare-versions/-/compare-versions-3.6.0.tgz",
      "integrity": "sha512-W6Af2Iw1z4CB7q4uU4hv646dW9GQuBM+YpC0UvUCWSD8w90SJjp+ujJuXaEMtAXBtSqGfMPuFOVn4/+FlaqfBA==",
      "license": "MIT"
    },
    "node_modules/expo-linear-gradient": {
      "version": "10.0.3",
      "resolved": "https://registry.npmjs.org/expo-linear-gradient/-/expo-linear-gradient-10.0.3.tgz",
      "integrity": "sha512-zKkBhHvTvDywpb0y5BJDHTbxX5/2C60qW/M8uyZXKIZcTUwY7j/9Kcx0YzoNNglq7p6aQ/DWO7sM8LHr93985Q==",
      "license": "MIT",
      "dependencies": {
        "expo-modules-core": "~0.4.4"
      }
    },
    "node_modules/expo-modules-core": {
      "version": "0.4.10",
      "resolved": "https://registry.npmjs.org/expo-modules-core/-/expo-modules-core-0.4.10.tgz",
      "integrity": "sha512-uCZA3QzF0syRaHwYY99iaNhnye4vSQGsJ/y6IAiesXdbeVahWibX4G1KoKNPUyNsKXIM4tqA+4yByUSvJe4AAw==",
      "license": "MIT",
      "dependencies": {
        "compare-versions": "^3.4.0",
        "invariant": "^2.2.4"
      }
    },
    "node_modules/invariant": {
      "version": "2.2.4",
      "resolved": "https://registry.npmjs.org/invariant/-/invariant-2.2.4.tgz",
      "integrity": "sha512-phJfQVBuaJM5raOpJjSfkiD6BpbCE4Ns//LaXl6wGYtUBY83nWS6Rf9tXm2e8VaK60JEjYldbPif/A2B1C2gNA==",
      "license": "MIT",
      "dependencies": {
        "loose-envify": "^1.0.0"
      }
    },
    "node_modules/js-tokens": {
      "version": "4.0.0",
      "resolved": "https://registry.npmjs.org/js-tokens/-/js-tokens-4.0.0.tgz",
      "integrity": "sha512-RdJUflcE3cUzKiMqQgsCu06FPu9UdIJO0beYbPhHN4k6apgJtifcoCtT9bcxOpYBtpD2kCM6Sbzg4CausW/PKQ=="
    },
    "node_modules/loose-envify": {
      "version": "1.4.0",
      "resolved": "https://registry.npmjs.org/loose-envify/-/loose-envify-1.4.0.tgz",
      "integrity": "sha512-lyuxPGr/Wfhrlem2CL/UcnUc1zcqKAImBDzukY7Y5F/yQiNdko6+fRLevlw1HgMySw7f611UIY408EtxRSoK3Q==",
      "dependencies": {
        "js-tokens": "^3.0.0 || ^4.0.0"
      },
      "bin": {
        "loose-envify": "cli.js"
      }
    },
    "node_modules/object-assign": {
      "version": "4.1.1",
      "resolved": "https://registry.npmjs.org/object-assign/-/object-assign-4.1.1.tgz",
      "integrity": "sha512-rJgTQnkUnH1sFw8yT6VSU3zD3sWmu6sZhIseY8VX+GRu3P6F7Fu+JNDoXfklElbLJSnc3FUQHVe4cU5hj+BcUg==",
      "engines": {
        "node": ">=0.10.0"
      }
    },
    "node_modules/prop-types": {
      "version": "15.8.1",
      "resolved": "https://registry.npmjs.org/prop-types/-/prop-types-15.8.1.tgz",
      "integrity": "sha512-oj87CgZICdulUohogVAR7AjlC0327U4el4L6eAvOqCeudMDVU0NThNaV+b9Df4dXgSP1gXMTnPdhfe/2qDH5cg==",
      "dependencies": {
        "loose-envify": "^1.4.0",
        "object-assign": "^4.1.1",
        "react-is": "^16.13.1"
      }
    },
    "node_modules/react-is": {
      "version": "16.13.1",
      "resolved": "https://registry.npmjs.org/react-is/-/react-is-16.13.1.tgz",
      "integrity": "sha512-24e6ynE2H+OKt4kqsOvNd8kBpV65zoxbA4BVsEOB3ARVWQki/DHzaUoC5KuON/BiccDaCCTZBuOcfZs70kR8bQ=="
    }
  }
}
